
Microsoft Visual Studio Solution File, Format Version 12.00
# Visual Studio 15
VisualStudioVersion = 15.0.27428.2015
MinimumVisualStudioVersion = 10.0.40219.1
Project("{F184B08F-C81C-45F6-A57F-5ABD9991F28F}") = "BaseFunction", "BaseFunction\BaseFunction.vbproj", "{412093F5-EE0E-46E6-9971-05DECD2ED58D}"
EndProject
Global
	GlobalSection(SolutionConfigurationPlatforms) = preSolution
		Debug|Any CPU = Debug|Any CPU
		Release|Any CPU = Release|Any CPU
	EndGlobalSection
	GlobalSection(ProjectConfigurationPlatforms) = postSolution
		{412093F5-EE0E-46E6-9971-05DECD2ED58D}.Debug|Any CPU.ActiveCfg = Debug|Any CPU
		{412093F5-EE0E-46E6-9971-05DECD2ED58D}.Debug|Any CPU.Build.0 = Debug|Any CPU
		{412093F5-EE0E-46E6-9971-05DECD2ED58D}.Release|Any CPU.ActiveCfg = Release|Any CPU
		{412093F5-EE0E-46E6-9971-05DECD2ED58D}.Release|Any CPU.Build.0 = Release|Any CPU
	EndGlobalSection
	GlobalSection(SolutionProperties) = preSolution
		HideSolutionNode = FALSE
	EndGlobalSection
	GlobalSection(ExtensibilityGlobals) = postSolution
		SolutionGuid = {2F1C26D8-EA3C-4283-9F02-FD6000E1CA6D}
	EndGlobalSection
EndGlobal
